{
  "nodes": {
    "freertos": {
      "flake": false,
      "locked": {
        "lastModified": 1723126959,
        "narHash": "sha256-sWO+gtPfiEHFitXYxYDYzFeZyXH3k+4gupYznVJJGPg=",
        "ref": "refs/heads/main",
        "rev": "4f7299d6ea746b27a9dd19e87af568e34bd65b15",
        "revCount": 3483,
        "submodules": true,
        "type": "git",
        "url": "https://github.com/raspberrypi/FreeRTOS-Kernel.git"
      },
      "original": {
        "submodules": true,
        "type": "git",
        "url": "https://github.com/raspberrypi/FreeRTOS-Kernel.git"
      }
    },
    "nixpkgs": {
      "locked": {
        "lastModified": 1787424095,
        "narHash": "sha256-dWLO5AHhKaw6rdWCtTes8hnntT1r0/J5yhQGm0f0ZgU=",
        "owner": "NixOS",
        "repo": "nixpkgs",
        "rev": "174eb786fb68e3a13e4e535a3deea479a0c07a6a",
        "type": "github"
      },
      "original": {
        "owner": "NixOS",
        "ref": "nixpkgs-unstable",
        "repo": "nixpkgs",
        "type": "github"
      }
    },
    "root": {
      "inputs": {
        "nixpkgs": "nixpkgs",
        "rtos-nix": "rtos-nix",
        "unity": "unity"
      }
    },
    "rtos-nix": {
      "inputs": {
        "freertos": "freertos",
        "nixpkgs": [
          "nixpkgs"
        ]
      },
      "locked": {
        "lastModified": 1787633257,
        "narHash": "sha256-SiGeROmXXSLy9XaiLet+3EEC62xTspWup0vpWknewMY=",
        "owner": "ZainKergayeProjects",
        "repo": "rtos.nix",
        "rev": "d30ae7cfb4aa3f01a66acba27d5be24783db4a6f",
        "type": "github"
      },
      "original": {
        "owner": "ZainKergayeProjects",
        "repo": "rtos.nix",
        "type": "github"
      }
    },
    "unity": {
      "flake": false,
      "locked": {
        "lastModified": 1787666923,
        "narHash": "sha256-8BqlnYKO9tnVT6rAH8iiyVax9BYfhL61w+cLhvuajgI=",
        "ref": "refs/heads/master",
        "rev": "2b67b99a4a87db87ff8c28a3b7e405c3e56d65f0",
        "revCount": 1468,
        "type": "git",
        "url": "https://github.com/ThrowTheSwitch/Unity.git"
      },
      "original": {
        "type": "git",
        "url": "https://github.com/ThrowTheSwitch/Unity.git"
      }
    }
  },
  "root": "root",
  "version": 7
}
